
Microsoft Visual Studio Solution File, Format Version 12.00
# Visual Studio Version 16
VisualStudioVersion = 16.0.30523.141
MinimumVisualStudioVersion = 10.0.40219.1
Project("{FAE04EC0-301F-11D3-BF4B-00C04F79EFBC}") = "EX_8_Rest_ASP_NET", "EX_8_Rest_ASP_NET\EX_8_Rest_ASP_NET.csproj", "{5C483F1E-EB5C-4CAE-AE2D-7ED6B9DA9DE0}"
EndProject
Global
	GlobalSection(SolutionConfigurationPlatforms) = preSolution
		Debug|Any CPU = Debug|Any CPU
		Release|Any CPU = Release|Any CPU
	EndGlobalSection
	GlobalSection(ProjectConfigurationPlatforms) = postSolution
		{5C483F1E-EB5C-4CAE-AE2D-7ED6B9DA9DE0}.Debug|Any CPU.ActiveCfg = Debug|Any CPU
		{5C483F1E-EB5C-4CAE-AE2D-7ED6B9DA9DE0}.Debug|Any CPU.Build.0 = Debug|Any CPU
		{5C483F1E-EB5C-4CAE-AE2D-7ED6B9DA9DE0}.Release|Any CPU.ActiveCfg = Release|Any CPU
		{5C483F1E-EB5C-4CAE-AE2D-7ED6B9DA9DE0}.Release|Any CPU.Build.0 = Release|Any CPU
	EndGlobalSection
	GlobalSection(SolutionProperties) = preSolution
		HideSolutionNode = FALSE
	EndGlobalSection
	GlobalSection(ExtensibilityGlobals) = postSolution
		SolutionGuid = {4BE97533-8A9B-49AB-9D72-E449424EB48B}
	EndGlobalSection
EndGlobal
